langcode: en
status: true
dependencies:
  content:
    - 'block_content:basic:339a37f1-0130-480e-906c-36850a5a5d8a'
  module:
    - block_content
    - system
  theme:
    - fgaard
id: fgaard_testblock
theme: fgaard
region: content
weight: -1
provider: null
plugin: 'block_content:339a37f1-0130-480e-906c-36850a5a5d8a'
settings:
  id: 'block_content:339a37f1-0130-480e-906c-36850a5a5d8a'
  label: 'test block'
  provider: block_content
  label_display: visible
  status: true
  info: ''
  view_mode: full
visibility:
  request_path:
    id: request_path
    pages: test
    negate: false
    context_mapping: {  }
